# This file was autogenerated by Stack.
# You should not edit this file by hand.
# For more information, please see the documentation at:
#   https://docs.haskellstack.org/en/stable/lock_files

packages:
- completed:
    hackage: haskell-src-exts-1.15.0.1@sha256:d0d962e0b4269b3733fc212129ccdd5dc5bb8fdbdb0234837a3de2dd15089ee6,4856
    pantry-tree:
      sha256: 21509fdb4d54e6911e2aee7457501d9590e381941da30d96b056441218d8172a
      size: 39354
  original:
    hackage: haskell-src-exts-1.15.0.1
- completed:
    hackage: cpphs-1.18.3@sha256:cd97b4d1026b42cde4e646281f12db333710073d97fd81b645f3023c5a553fd9,2334
    pantry-tree:
      sha256: 2df45df3e7a7305a77994481da9c51b542e17b1382406d8a27e837cf26d02609
      size: 8048
  original:
    hackage: cpphs-1.18.3
- completed:
    hackage: old-locale-1.0.0.7@sha256:fa998be2c7e00cd26a6e9075bea790caaf3932caa3e9497ad69bc20380dd6911,1071
    pantry-tree:
      sha256: 462ef15cb35164d585aa3860f717c9685fbf05578330490860abd544381d2e24
      size: 263
  original:
    hackage: old-locale-1.0.0.7
- completed:
    hackage: old-time-1.1.0.3@sha256:c91fbb3ee73d20ccd015842b30f1f29a304893ebe0ae3128b7bbc13d5bb0d4c8,1328
    pantry-tree:
      sha256: 890bbbdf4175a409efd7c7c9fe153b71680e33bebeb74c9351d7d9d3a59d3d0e
      size: 810
  original:
    hackage: old-time-1.1.0.3
- completed:
    hackage: polyparse-1.11@sha256:9da0a086e53ba1bc18f389084e9988ae2a0f75a769820ae2aaf0a3ba8f9abb04,1880
    pantry-tree:
      sha256: dbfcffe055fdd5232d66e87674598619478e9343a123c51c6c287b9abd8ae8f0
      size: 1611
  original:
    hackage: polyparse-1.11
- completed:
    hackage: text-1.2.2.2@sha256:f8f960c222d69682833b1aad9df8f072dba09e12c91ecde0753d2bcdd24eebb5,6011
    pantry-tree:
      sha256: c3f63be0d2aa61975a50e7aeb484ca4db3e4c54652d4a762d51917b1a0c0c935
      size: 7376
  original:
    hackage: text-1.2.2.2
- completed:
    hackage: prettyclass-1.0.0.0@sha256:263553048e05e1aa43532752ec97e5b1cc7f8d77c4bccc96312fb0e48c0598f4,521
    pantry-tree:
      sha256: d471f4f20e74379bb7d81e86dc15de60c0362b13a118e43ba002cf9b7b640ba3
      size: 185
  original:
    hackage: prettyclass-1.0.0.0
- completed:
    hackage: happy-1.20.0@sha256:5d47dc221a9fe964e36aaaa2e1ab7e8f085a225fd6528d6eff310b92360bbe99,5732
    pantry-tree:
      sha256: ff2e7df7cfe8746eedc6f69c225fa8c899c26d28f1c4964eeb00a5d757d30351
      size: 8749
  original:
    hackage: happy-1.20.0
- completed:
    hackage: mtl-2.2.1@sha256:0f7c5e9e2bfa8c1102d38cd57b258b2cf519f3aae65451c8f3fccb472cb8e3c1,1801
    pantry-tree:
      sha256: b780d0c8065f6f449cd5eca75e5faec1e3d5c28a6b8beb2f3e7ba57cceec43c4
      size: 1657
  original:
    hackage: mtl-2.2.1
- completed:
    hackage: transformers-0.4.2.0@sha256:166cf581a357bfcf1be29cd981c2bd84ae959fd69ebf3d6dec36f735602dfee0,2755
    pantry-tree:
      sha256: 490ac35be44516eb44ed2af500f131a7eea235c0c5c648f8bc2e49d662018892
      size: 2144
  original:
    hackage: transformers-0.4.2.0
snapshots: []
